
Microsoft Visual Studio Solution File, Format Version 12.00
# Visual Studio Version 17
VisualStudioVersion = 17.3.32825.248
MinimumVisualStudioVersion = 10.0.40219.1
Project("{8BC9CEB8-8B4A-11D0-8D11-00A0C91BC942}") = "ConsoleApp8", "ConsoleApp8.vcxproj", "{065E4159-DC18-4EAD-A820-2A84F7804375}"
EndProject
Global
	GlobalSection(SolutionConfigurationPlatforms) = preSolution
		Debug|x64 = Debug|x64
		Debug|x86 = Debug|x86
		Release|x64 = Release|x64
		Release|x86 = Release|x86
	EndGlobalSection
	GlobalSection(ProjectConfigurationPlatforms) = postSolution
		{065E4159-DC18-4EAD-A820-2A84F7804375}.Debug|x64.ActiveCfg = Debug|x64
		{065E4159-DC18-4EAD-A820-2A84F7804375}.Debug|x64.Build.0 = Debug|x64
		{065E4159-DC18-4EAD-A820-2A84F7804375}.Debug|x86.ActiveCfg = Debug|Win32
		{065E4159-DC18-4EAD-A820-2A84F7804375}.Debug|x86.Build.0 = Debug|Win32
		{065E4159-DC18-4EAD-A820-2A84F7804375}.Release|x64.ActiveCfg = Release|x64
		{065E4159-DC18-4EAD-A820-2A84F7804375}.Release|x64.Build.0 = Release|x64
		{065E4159-DC18-4EAD-A820-2A84F7804375}.Release|x86.ActiveCfg = Release|Win32
		{065E4159-DC18-4EAD-A820-2A84F7804375}.Release|x86.Build.0 = Release|Win32
	EndGlobalSection
	GlobalSection(SolutionProperties) = preSolution
		HideSolutionNode = FALSE
	EndGlobalSection
	GlobalSection(ExtensibilityGlobals) = postSolution
		SolutionGuid = {7C9A084B-18CF-4BAA-B944-20A40EBED583}
	EndGlobalSection
EndGlobal
